PODS:
  - Flutter (1.0.0)
  - flutter_local_notifications (0.0.1):
    - Flutter
  - flutter_secure_storage (6.0.0):
    - Flutter
  - image_picker_ios (0.0.1):
    - Flutter
  - permission_handler_apple (9.1.1):
    - Flutter
  - TensorFlowLiteC (2.2.0)
  - tflite (1.1.2):
    - Flutter
    - TensorFlowLiteC
  - url_launcher_ios (0.0.1):
    - Flutter

DEPENDENCIES:
  - Flutter (from `Flutter`)
  - flutter_local_notifications (from `.symlinks/plugins/flutter_local_notifications/ios`)
  - flutter_secure_storage (from `.symlinks/plugins/flutter_secure_storage/ios`)
  - image_picker_ios (from `.symlinks/plugins/image_picker_ios/ios`)
  - permission_handler_apple (from `.symlinks/plugins/permission_handler_apple/ios`)
  - TensorFlowLiteC (= 2.2.0)
  - tflite (from `.symlinks/plugins/tflite/ios`)
  - url_launcher_ios (from `.symlinks/plugins/url_launcher_ios/ios`)

SPEC REPOS:
  trunk:
    - TensorFlowLiteC

EXTERNAL SOURCES:
  Flutter:
    :path: Flutter
  flutter_local_notifications:
    :path: ".symlinks/plugins/flutter_local_notifications/ios"
  flutter_secure_storage:
    :path: ".symlinks/plugins/flutter_secure_storage/ios"
  image_picker_ios:
    :path: ".symlinks/plugins/image_picker_ios/ios"
  permission_handler_apple:
    :path: ".symlinks/plugins/permission_handler_apple/ios"
  tflite:
    :path: ".symlinks/plugins/tflite/ios"
  url_launcher_ios:
    :path: ".symlinks/plugins/url_launcher_ios/ios"

SPEC CHECKSUMS:
  Flutter: f04841e97a9d0b0a8025694d0796dd46242b2854
  flutter_local_notifications: 0c0b1ae97e741e1521e4c1629a459d04b9aec743
  flutter_secure_storage: 23fc622d89d073675f2eaa109381aefbcf5a49be
  image_picker_ios: 4a8aadfbb6dc30ad5141a2ce3832af9214a705b5
  permission_handler_apple: e76247795d700c14ea09e3a2d8855d41ee80a2e6
  TensorFlowLiteC: b3ab9e867b0b71052ca102a32a786555b330b02e
  tflite: 7acd11db0915e2d90ab90474413068568eb605f0
  url_launcher_ios: 68d46cc9766d0c41dbdc884310529557e3cd7a86

PODFILE CHECKSUM: 9e27b3a7c13cbe69fd7b42ec50ebcbb9e75eb42b

COCOAPODS: 1.12.1
